
Microsoft Visual Studio Solution File, Format Version 12.00
# Visual Studio 15
VisualStudioVersion = 15.0.28307.1000
MinimumVisualStudioVersion = 10.0.40219.1
Project("{FAE04EC0-301F-11D3-BF4B-00C04F79EFBC}") = "MyBattleshipGame", "MyBattleshipGame\MyBattleshipGame.csproj", "{713DBCC0-47ED-472D-B644-808633876335}"
EndProject
Project("{FAE04EC0-301F-11D3-BF4B-00C04F79EFBC}") = "MyBattleshipGame.Tests", "MyBattleshipGame.Tests\MyBattleshipGame.Tests.csproj", "{03E9923A-9E99-4E03-8A9E-2A73BC13330B}"
EndProject
Project("{2150E333-8FDC-42A3-9474-1A3956D46DE8}") = "SolutionFiles", "SolutionFiles", "{3263405E-CDEF-4FE9-BFFC-DE0D0FE6C479}"
	ProjectSection(SolutionItems) = preProject
		ClassDiagram.png = ClassDiagram.png
		README.md = README.md
	EndProjectSection
EndProject
Global
	GlobalSection(SolutionConfigurationPlatforms) = preSolution
		Debug|Any CPU = Debug|Any CPU
		Release|Any CPU = Release|Any CPU
	EndGlobalSection
	GlobalSection(ProjectConfigurationPlatforms) = postSolution
		{713DBCC0-47ED-472D-B644-808633876335}.Debug|Any CPU.ActiveCfg = Debug|Any CPU
		{713DBCC0-47ED-472D-B644-808633876335}.Debug|Any CPU.Build.0 = Debug|Any CPU
		{713DBCC0-47ED-472D-B644-808633876335}.Release|Any CPU.ActiveCfg = Release|Any CPU
		{713DBCC0-47ED-472D-B644-808633876335}.Release|Any CPU.Build.0 = Release|Any CPU
		{03E9923A-9E99-4E03-8A9E-2A73BC13330B}.Debug|Any CPU.ActiveCfg = Debug|Any CPU
		{03E9923A-9E99-4E03-8A9E-2A73BC13330B}.Debug|Any CPU.Build.0 = Debug|Any CPU
		{03E9923A-9E99-4E03-8A9E-2A73BC13330B}.Release|Any CPU.ActiveCfg = Release|Any CPU
		{03E9923A-9E99-4E03-8A9E-2A73BC13330B}.Release|Any CPU.Build.0 = Release|Any CPU
	EndGlobalSection
	GlobalSection(SolutionProperties) = preSolution
		HideSolutionNode = FALSE
	EndGlobalSection
	GlobalSection(ExtensibilityGlobals) = postSolution
		SolutionGuid = {0B33041A-4AE1-4F44-9490-31FCC5066FDE}
	EndGlobalSection
EndGlobal
